{
  "name": "io-ts-benchmarks",
  "version": "1.0.0",
  "lockfileVersion": 1,
  "requires": true,
  "dependencies": {
    "@types/joi": {
      "version": "13.0.5",
      "resolved": "https://registry.npmjs.org/@types/joi/-/joi-13.0.5.tgz",
      "integrity": "sha512-xhGKDKk8qEK35GFYIkpQXdS03PnL+1eXt8VOHnuvuMOjNCztmTpqiDk2vlDy3GbSctSTBJCkY0PXkaRVJpl2xA=="
    },
    "ajv": {
      "version": "6.5.1",
      "resolved": "https://registry.npmjs.org/ajv/-/ajv-6.5.1.tgz",
      "integrity": "sha512-pgZos1vgOHDiC7gKNbZW8eKvCnNXARv2oqrGQT7Hzbq5Azp7aZG6DJzADnkuSq7RH6qkXp4J/m68yPX/2uBHyQ==",
      "requires": {
        "fast-deep-equal": "2.0.1",
        "fast-json-stable-stringify": "2.0.0",
        "json-schema-traverse": "0.4.1",
        "uri-js": "4.2.2"
      }
    },
    "benchmark": {
      "version": "2.1.4",
      "resolved": "https://registry.npmjs.org/benchmark/-/benchmark-2.1.4.tgz",
      "integrity": "sha1-CfPeMckWQl1JjMLuVloOvzwqVik=",
      "requires": {
        "lodash": "4.17.5",
        "platform": "1.3.5"
      }
    },
    "fast-deep-equal": {
      "version": "2.0.1",
      "resolved": "https://registry.npmjs.org/fast-deep-equal/-/fast-deep-equal-2.0.1.tgz",
      "integrity": "sha1-ewUhjd+WZ79/Nwv3/bLLFf3Qqkk="
    },
    "fast-json-stable-stringify": {
      "version": "2.0.0",
      "resolved": "https://registry.npmjs.org/fast-json-stable-stringify/-/fast-json-stable-stringify-2.0.0.tgz",
      "integrity": "sha1-1RQsDK7msRifh9OnYREGT4bIu/I="
    },
    "fp-ts": {
      "version": "1.1.0",
      "resolved": "https://registry.npmjs.org/fp-ts/-/fp-ts-1.1.0.tgz",
      "integrity": "sha512-nO7q0OfYmPgYmPMxqXzZvEWxaZ0wpNy/fE03IUdW/gdytqNhB0ardbijahmdxFLUVru6vaIUJBBK0DORuf8G+g=="
    },
    "hoek": {
      "version": "5.0.3",
      "resolved": "https://registry.npmjs.org/hoek/-/hoek-5.0.3.tgz",
      "integrity": "sha512-Bmr56pxML1c9kU+NS51SMFkiVQAb+9uFfXwyqR2tn4w2FPvmPt65eZ9aCcEfRXd9G74HkZnILC6p967pED4aiw=="
    },
    "io-ts": {
      "version": "1.1.5",
      "resolved": "https://registry.npmjs.org/io-ts/-/io-ts-1.1.5.tgz",
      "integrity": "sha512-Lb6wwbH/fiElO4as1KwW+9ElN7r6lzy8MYxHN73pZCd0xZJEa3y3POrnTbUY/pSgSeVouNbB6Y+98ivoPeC2gg==",
      "requires": {
        "fp-ts": "1.1.0"
      }
    },
    "isemail": {
      "version": "3.1.2",
      "resolved": "https://registry.npmjs.org/isemail/-/isemail-3.1.2.tgz",
      "integrity": "sha512-zfRhJn9rFSGhzU5tGZqepRSAj3+g6oTOHxMGGriWNJZzyLPUK8H7VHpqKntegnW8KLyGA9zwuNaCoopl40LTpg==",
      "requires": {
        "punycode": "2.1.1"
      }
    },
    "joi": {
      "version": "13.4.0",
      "resolved": "https://registry.npmjs.org/joi/-/joi-13.4.0.tgz",
      "integrity": "sha512-JuK4GjEu6j7zr9FuVe2MAseZ6si/8/HaY0qMAejfDFHp7jcH4OKE937mIHM5VT4xDS0q7lpQbszbxKV9rm0yUg==",
      "requires": {
        "hoek": "5.0.3",
        "isemail": "3.1.2",
        "topo": "3.0.0"
      }
    },
    "json-schema-traverse": {
      "version": "0.4.1",
      "resolved": "https://registry.npmjs.org/json-schema-traverse/-/json-schema-traverse-0.4.1.tgz",
      "integrity": "sha512-xbbCH5dCYU5T8LcEhhuh7HJ88HXuW3qsI3Y0zOZFKfZEHcpWiHU/Jxzk629Brsab/mMiHQti9wMP+845RPe3Vg=="
    },
    "lodash": {
      "version": "4.17.5",
      "resolved": "https://registry.npmjs.org/lodash/-/lodash-4.17.5.tgz",
      "integrity": "sha512-svL3uiZf1RwhH+cWrfZn3A4+U58wbP0tGVTLQPbjplZxZ8ROD9VLuNgsRniTlLe7OlSqR79RUehXgpBW/s0IQw=="
    },
    "platform": {
      "version": "1.3.5",
      "resolved": "https://registry.npmjs.org/platform/-/platform-1.3.5.tgz",
      "integrity": "sha512-TuvHS8AOIZNAlE77WUDiR4rySV/VMptyMfcfeoMgs4P8apaZM3JrnbzBiixKUv+XR6i+BXrQh8WAnjaSPFO65Q=="
    },
    "prettier": {
      "version": "1.8.2",
      "resolved": "https://registry.npmjs.org/prettier/-/prettier-1.8.2.tgz",
      "integrity": "sha512-fHWjCwoRZgjP1rvLP7OGqOznq7xH1sHMQUFLX8qLRO79hI57+6xbc5vB904LxEkCfgFgyr3vv06JkafgCSzoZg=="
    },
    "punycode": {
      "version": "2.1.1",
      "resolved": "https://registry.npmjs.org/punycode/-/punycode-2.1.1.tgz",
      "integrity": "sha512-XRsRjdf+j5ml+y/6GKHPZbrF/8p2Yga0JPtdqTIY2Xe5ohJPD9saDJJLPvp9+NSBprVvevdXZybnj2cv8OEd0A=="
    },
    "runtypes": {
      "version": "2.0.6",
      "resolved": "https://registry.npmjs.org/runtypes/-/runtypes-2.0.6.tgz",
      "integrity": "sha1-bo0duUBNKJEmt7iVnRl2S1fOIv4="
    },
    "tcomb": {
      "version": "3.2.24",
      "resolved": "https://registry.npmjs.org/tcomb/-/tcomb-3.2.24.tgz",
      "integrity": "sha512-N9IrL2iIyS/f4+WHYZaMh04ZqDL8yEit9cVdnn+fOuL6jbKo1fusNswHOjSo/kbYwLUKRS1OlQmAkyeNxyEUhA=="
    },
    "tcomb-validation": {
      "version": "3.4.1",
      "resolved": "https://registry.npmjs.org/tcomb-validation/-/tcomb-validation-3.4.1.tgz",
      "integrity": "sha512-urVVMQOma4RXwiVCa2nM2eqrAomHROHvWPuj6UkDGz/eb5kcy0x6P0dVt6kzpUZtYMNoAqJLWmz1BPtxrtjtrA==",
      "requires": {
        "tcomb": "3.2.24"
      }
    },
    "topo": {
      "version": "3.0.0",
      "resolved": "https://registry.npmjs.org/topo/-/topo-3.0.0.tgz",
      "integrity": "sha512-Tlu1fGlR90iCdIPURqPiufqAlCZYzLjHYVVbcFWDMcX7+tK8hdZWAfsMrD/pBul9jqHHwFjNdf1WaxA9vTRRhw==",
      "requires": {
        "hoek": "5.0.3"
      }
    },
    "typescript": {
      "version": "2.7.2",
      "resolved": "https://registry.npmjs.org/typescript/-/typescript-2.7.2.tgz",
      "integrity": "sha512-p5TCYZDAO0m4G344hD+wx/LATebLWZNkkh2asWUFqSsD2OrDNhbAHuSjobrmsUmdzjJjEeZVU9g1h3O6vpstnw=="
    },
    "uri-js": {
      "version": "4.2.2",
      "resolved": "https://registry.npmjs.org/uri-js/-/uri-js-4.2.2.tgz",
      "integrity": "sha512-KY9Frmirql91X2Qgjry0Wd4Y+YTdrdZheS8TFwvkbLWf/G5KNJDCh6pKL5OZctEW4+0Baa5idK2ZQuELRwPznQ==",
      "requires": {
        "punycode": "2.1.1"
      }
    }
  }
}
