{
  "name": "io-ts-benchmarks",
  "version": "1.0.0",
  "lockfileVersion": 1,
  "requires": true,
  "dependencies": {
    "@types/joi": {
      "version": "13.0.5",
      "resolved": "https://registry.npmjs.org/@types/joi/-/joi-13.0.5.tgz",
      "integrity": "sha512-xhGKDKk8qEK35GFYIkpQXdS03PnL+1eXt8VOHnuvuMOjNCztmTpqiDk2vlDy3GbSctSTBJCkY0PXkaRVJpl2xA=="
    },
    "benchmark": {
      "version": "2.1.4",
      "resolved": "https://registry.npmjs.org/benchmark/-/benchmark-2.1.4.tgz",
      "integrity": "sha1-CfPeMckWQl1JjMLuVloOvzwqVik=",
      "requires": {
        "lodash": "4.17.5",
        "platform": "1.3.5"
      }
    },
    "fp-ts": {
      "version": "1.0.1",
      "resolved": "https://registry.npmjs.org/fp-ts/-/fp-ts-1.0.1.tgz",
      "integrity": "sha512-eYnHWiybaM7oHgV3j22nQ8DJ6JEviYLfXWDE+X6FHsIAFTuJPLiStZD7bDhuU/YR8NLZ/dz7i9NED76L/SbOUw=="
    },
    "hoek": {
      "version": "5.0.3",
      "resolved": "https://registry.npmjs.org/hoek/-/hoek-5.0.3.tgz",
      "integrity": "sha512-Bmr56pxML1c9kU+NS51SMFkiVQAb+9uFfXwyqR2tn4w2FPvmPt65eZ9aCcEfRXd9G74HkZnILC6p967pED4aiw=="
    },
    "io-ts": {
      "version": "1.0.2",
      "resolved": "https://registry.npmjs.org/io-ts/-/io-ts-1.0.2.tgz",
      "integrity": "sha512-AaIObA2fyQtSmKDL9cLoIw8nLTTGYpT05Ax34Xp38SNUmkUQPD05zjKXkVik4wSa4IqiecQWycNpKO4csnEmdw==",
      "requires": {
        "fp-ts": "1.0.1"
      }
    },
    "isemail": {
      "version": "3.1.1",
      "resolved": "https://registry.npmjs.org/isemail/-/isemail-3.1.1.tgz",
      "integrity": "sha512-mVjAjvdPkpwXW61agT2E9AkGoegZO7SdJGCezWwxnETL58f5KwJ4vSVAMBUL5idL6rTlYAIGkX3n4suiviMLNw==",
      "requires": {
        "punycode": "2.1.0"
      }
    },
    "joi": {
      "version": "13.1.2",
      "resolved": "https://registry.npmjs.org/joi/-/joi-13.1.2.tgz",
      "integrity": "sha512-bZZSQYW5lPXenOfENvgCBPb9+H6E6MeNWcMtikI04fKphj5tvFL9TOb+H2apJzbCrRw/jebjTH8z6IHLpBytGg==",
      "requires": {
        "hoek": "5.0.3",
        "isemail": "3.1.1",
        "topo": "3.0.0"
      }
    },
    "lodash": {
      "version": "4.17.5",
      "resolved": "https://registry.npmjs.org/lodash/-/lodash-4.17.5.tgz",
      "integrity": "sha512-svL3uiZf1RwhH+cWrfZn3A4+U58wbP0tGVTLQPbjplZxZ8ROD9VLuNgsRniTlLe7OlSqR79RUehXgpBW/s0IQw=="
    },
    "platform": {
      "version": "1.3.5",
      "resolved": "https://registry.npmjs.org/platform/-/platform-1.3.5.tgz",
      "integrity": "sha512-TuvHS8AOIZNAlE77WUDiR4rySV/VMptyMfcfeoMgs4P8apaZM3JrnbzBiixKUv+XR6i+BXrQh8WAnjaSPFO65Q=="
    },
    "prettier": {
      "version": "1.8.2",
      "resolved": "https://registry.npmjs.org/prettier/-/prettier-1.8.2.tgz",
      "integrity": "sha512-fHWjCwoRZgjP1rvLP7OGqOznq7xH1sHMQUFLX8qLRO79hI57+6xbc5vB904LxEkCfgFgyr3vv06JkafgCSzoZg=="
    },
    "punycode": {
      "version": "2.1.0",
      "resolved": "https://registry.npmjs.org/punycode/-/punycode-2.1.0.tgz",
      "integrity": "sha1-X4Y+3Im5bbCQdLrXlHvwkFbKTn0="
    },
    "runtypes": {
      "version": "2.0.0",
      "resolved": "https://registry.npmjs.org/runtypes/-/runtypes-2.0.0.tgz",
      "integrity": "sha1-FGd98ugpA//Qjh9X3R62hubDKrM="
    },
    "tcomb": {
      "version": "3.2.24",
      "resolved": "https://registry.npmjs.org/tcomb/-/tcomb-3.2.24.tgz",
      "integrity": "sha512-N9IrL2iIyS/f4+WHYZaMh04ZqDL8yEit9cVdnn+fOuL6jbKo1fusNswHOjSo/kbYwLUKRS1OlQmAkyeNxyEUhA=="
    },
    "tcomb-validation": {
      "version": "3.4.1",
      "resolved": "https://registry.npmjs.org/tcomb-validation/-/tcomb-validation-3.4.1.tgz",
      "integrity": "sha512-urVVMQOma4RXwiVCa2nM2eqrAomHROHvWPuj6UkDGz/eb5kcy0x6P0dVt6kzpUZtYMNoAqJLWmz1BPtxrtjtrA==",
      "requires": {
        "tcomb": "3.2.24"
      }
    },
    "topo": {
      "version": "3.0.0",
      "resolved": "https://registry.npmjs.org/topo/-/topo-3.0.0.tgz",
      "integrity": "sha512-Tlu1fGlR90iCdIPURqPiufqAlCZYzLjHYVVbcFWDMcX7+tK8hdZWAfsMrD/pBul9jqHHwFjNdf1WaxA9vTRRhw==",
      "requires": {
        "hoek": "5.0.3"
      }
    },
    "typescript": {
      "version": "2.7.2",
      "resolved": "https://registry.npmjs.org/typescript/-/typescript-2.7.2.tgz",
      "integrity": "sha512-p5TCYZDAO0m4G344hD+wx/LATebLWZNkkh2asWUFqSsD2OrDNhbAHuSjobrmsUmdzjJjEeZVU9g1h3O6vpstnw=="
    }
  }
}
